{
  "name": "cours-maths",
  "version": "1.0.0",
  "lockfileVersion": 3,
  "requires": true,
  "packages": {
    "": {
      "name": "cours-maths",
      "version": "1.0.0",
      "license": "ISC",
      "devDependencies": {
        "chokidar-cli": "^3.0.0",
        "terser": "^5.30.0"
      }
    }
  },
  "devDependencies": {
    "chokidar-cli": {
      "version": "^3.0.0"
    },
    "terser": {
      "version": "^5.30.0"
    }
  }
}
